// !$*UTF8*$!
{
	archiveVersion = 1;
	classes = {
	};
	objectVersion = 77;
	objects = {

/* Begin PBXBuildFile section */
		A930790B2E34410B0006A0D8 /* UniTXT.swift in Sources */ = {isa = PBXBuildFile; fileRef = A930790A2E343CC80006A0D8 /* UniTXT.swift */; };
/* End PBXBuildFile section */

/* Begin PBXContainerItemProxy section */
		A93078DF2E343A650006A0D8 /* PBXContainerItemProxy */ = {
			isa = PBXContainerItemProxy;
			containerPortal = A93078C82E343A630006A0D8 /* Project object */;
			proxyType = 1;
			remoteGlobalIDString = A93078CF2E343A630006A0D8;
			remoteInfo = unitext;
		};
		A93078E92E343A650006A0D8 /* PBXContainerItemProxy */ = {
			isa = PBXContainerItemProxy;
			containerPortal = A93078C82E343A630006A0D8 /* Project object */;
			proxyType = 1;
			remoteGlobalIDString = A93078CF2E343A630006A0D8;
			remoteInfo = unitext;
		};
/* End PBXContainerItemProxy section */

/* Begin PBXFileReference section */
		A930790A2E343CC80006A0D8 /* UniTXT.swift */ = {isa = PBXFileReference; indentWidth = 2; lastKnownFileType = sourcecode.swift; path = UniTXT.swift; sourceTree = "<group>"; tabWidth = 2; };
		A93079142E344EB50006A0D8 /* unitxt.entitlements */ = {isa = PBXFileReference; lastKnownFileType = text.plist.entitlements; path = unitxt.entitlements; sourceTree = "<group>"; };
		A93079152E34524E0006A0D8 /* unitxt.app */ = {isa = PBXFileReference; explicitFileType = wrapper.application; includeInIndex = 0; path = unitxt.app; sourceTree = BUILT_PRODUCTS_DIR; };
		A93079162E3454A10006A0D8 /* unitxtTests.xctest */ = {isa = PBXFileReference; explicitFileType = wrapper.cfbundle; includeInIndex = 0; path = unitxtTests.xctest; sourceTree = BUILT_PRODUCTS_DIR; };
		A93079172E3454A10006A0D8 /* unitxtUITests.xctest */ = {isa = PBXFileReference; explicitFileType = wrapper.cfbundle; includeInIndex = 0; path = unitxtUITests.xctest; sourceTree = BUILT_PRODUCTS_DIR; };
/* End PBXFileReference section */

/* Begin PBXFileSystemSynchronizedBuildFileExceptionSet section */
		A930790D2E3441520006A0D8 /* Exceptions for "Models" folder in "unitxt" target */ = {
			isa = PBXFileSystemSynchronizedBuildFileExceptionSet;
			membershipExceptions = (
				DocumentManager.swift,
				EditorViewModel.swift,
				FontStyle.swift,
			);
			target = A93078CF2E343A630006A0D8 /* unitxt */;
		};
		A93079102E3444BD0006A0D8 /* Exceptions for "Views" folder in "unitxt" target */ = {
			isa = PBXFileSystemSynchronizedBuildFileExceptionSet;
			membershipExceptions = (
				ContentView.swift,
				SidebarView.swift,
				StyledTextView.swift,
			);
			target = A93078CF2E343A630006A0D8 /* unitxt */;
		};
/* End PBXFileSystemSynchronizedBuildFileExceptionSet section */

/* Begin PBXFileSystemSynchronizedRootGroup section */
		A93079022E343B430006A0D8 /* Models */ = {
			isa = PBXFileSystemSynchronizedRootGroup;
			exceptions = (
				A930790D2E3441520006A0D8 /* Exceptions for "Models" folder in "unitxt" target */,
			);
			path = Models;
			sourceTree = "<group>";
		};
		A93079062E343B490006A0D8 /* Views */ = {
			isa = PBXFileSystemSynchronizedRootGroup;
			exceptions = (
				A93079102E3444BD0006A0D8 /* Exceptions for "Views" folder in "unitxt" target */,
			);
			path = Views;
			sourceTree = "<group>";
		};
/* End PBXFileSystemSynchronizedRootGroup section */

/* Begin PBXFrameworksBuildPhase section */
		A93078CD2E343A630006A0D8 /* Frameworks */ = {
			isa = PBXFrameworksBuildPhase;
			buildActionMask = 2147483647;
			files = (
			);
			runOnlyForDeploymentPostprocessing = 0;
		};
		A93078DB2E343A650006A0D8 /* Frameworks */ = {
			isa = PBXFrameworksBuildPhase;
			buildActionMask = 2147483647;
			files = (
			);
			runOnlyForDeploymentPostprocessing = 0;
		};
		A93078E52E343A650006A0D8 /* Frameworks */ = {
			isa = PBXFrameworksBuildPhase;
			buildActionMask = 2147483647;
			files = (
			);
			runOnlyForDeploymentPostprocessing = 0;
		};
/* End PBXFrameworksBuildPhase section */

/* Begin PBXGroup section */
		A93078C72E343A630006A0D8 = {
			isa = PBXGroup;
			children = (
				A93079142E344EB50006A0D8 /* unitxt.entitlements */,
				A930790A2E343CC80006A0D8 /* UniTXT.swift */,
				A93079022E343B430006A0D8 /* Models */,
				A93079062E343B490006A0D8 /* Views */,
				A93079152E34524E0006A0D8 /* unitxt.app */,
				A93079162E3454A10006A0D8 /* unitxtTests.xctest */,
				A93079172E3454A10006A0D8 /* unitxtUITests.xctest */,
			);
			indentWidth = 2;
			sourceTree = "<group>";
			tabWidth = 2;
		};
/* End PBXGroup section */

/* Begin PBXNativeTarget section */
		A93078CF2E343A630006A0D8 /* unitxt */ = {
			isa = PBXNativeTarget;
			buildConfigurationList = A93078F22E343A650006A0D8 /* Build configuration list for PBXNativeTarget "unitxt" */;
			buildPhases = (
				A93078CC2E343A630006A0D8 /* Sources */,
				A93078CD2E343A630006A0D8 /* Frameworks */,
				A93078CE2E343A630006A0D8 /* Resources */,
			);
			buildRules = (
			);
			dependencies = (
			);
			name = unitxt;
			packageProductDependencies = (
			);
			productName = unitext;
			productReference = A93079152E34524E0006A0D8 /* unitxt.app */;
			productType = "com.apple.product-type.application";
		};
		A93078DD2E343A650006A0D8 /* unitxtTests */ = {
			isa = PBXNativeTarget;
			buildConfigurationList = A93078F52E343A650006A0D8 /* Build configuration list for PBXNativeTarget "unitxtTests" */;
			buildPhases = (
				A93078DA2E343A650006A0D8 /* Sources */,
				A93078DB2E343A650006A0D8 /* Frameworks */,
				A93078DC2E343A650006A0D8 /* Resources */,
			);
			buildRules = (
			);
			dependencies = (
				A93078E02E343A650006A0D8 /* PBXTargetDependency */,
			);
			name = unitxtTests;
			packageProductDependencies = (
			);
			productName = unitextTests;
			productReference = A93079162E3454A10006A0D8 /* unitxtTests.xctest */;
			productType = "com.apple.product-type.bundle.unit-test";
		};
		A93078E72E343A650006A0D8 /* unitxtUITests */ = {
			isa = PBXNativeTarget;
			buildConfigurationList = A93078F82E343A650006A0D8 /* Build configuration list for PBXNativeTarget "unitxtUITests" */;
			buildPhases = (
				A93078E42E343A650006A0D8 /* Sources */,
				A93078E52E343A650006A0D8 /* Frameworks */,
				A93078E62E343A650006A0D8 /* Resources */,
			);
			buildRules = (
			);
			dependencies = (
				A93078EA2E343A650006A0D8 /* PBXTargetDependency */,
			);
			name = unitxtUITests;
			packageProductDependencies = (
			);
			productName = unitextUITests;
			productReference = A93079172E3454A10006A0D8 /* unitxtUITests.xctest */;
			productType = "com.apple.product-type.bundle.ui-testing";
		};
/* End PBXNativeTarget section */

/* Begin PBXProject section */
		A93078C82E343A630006A0D8 /* Project object */ = {
			isa = PBXProject;
			attributes = {
				BuildIndependentTargetsInParallel = 1;
				LastSwiftUpdateCheck = 1640;
				LastUpgradeCheck = 1640;
				TargetAttributes = {
					A93078CF2E343A630006A0D8 = {
						CreatedOnToolsVersion = 16.4;
					};
					A93078DD2E343A650006A0D8 = {
						CreatedOnToolsVersion = 16.4;
						TestTargetID = A93078CF2E343A630006A0D8;
					};
					A93078E72E343A650006A0D8 = {
						CreatedOnToolsVersion = 16.4;
						TestTargetID = A93078CF2E343A630006A0D8;
					};
				};
			};
			buildConfigurationList = A93078CB2E343A630006A0D8 /* Build configuration list for PBXProject "unitxt" */;
			developmentRegion = en;
			hasScannedForEncodings = 0;
			knownRegions = (
				en,
				Base,
			);
			mainGroup = A93078C72E343A630006A0D8;
			minimizedProjectReferenceProxies = 1;
			preferredProjectObjectVersion = 77;
			productRefGroup = A93078C72E343A630006A0D8;
			projectDirPath = "";
			projectRoot = "";
			targets = (
				A93078CF2E343A630006A0D8 /* unitxt */,
				A93078DD2E343A650006A0D8 /* unitxtTests */,
				A93078E72E343A650006A0D8 /* unitxtUITests */,
			);
		};
/* End PBXProject section */

/* Begin PBXResourcesBuildPhase section */
		A93078CE2E343A630006A0D8 /* Resources */ = {
			isa = PBXResourcesBuildPhase;
			buildActionMask = 2147483647;
			files = (
			);
			runOnlyForDeploymentPostprocessing = 0;
		};
		A93078DC2E343A650006A0D8 /* Resources */ = {
			isa = PBXResourcesBuildPhase;
			buildActionMask = 2147483647;
			files = (
			);
			runOnlyForDeploymentPostprocessing = 0;
		};
		A93078E62E343A650006A0D8 /* Resources */ = {
			isa = PBXResourcesBuildPhase;
			buildActionMask = 2147483647;
			files = (
			);
			runOnlyForDeploymentPostprocessing = 0;
		};
/* End PBXResourcesBuildPhase section */

/* Begin PBXSourcesBuildPhase section */
		A93078CC2E343A630006A0D8 /* Sources */ = {
			isa = PBXSourcesBuildPhase;
			buildActionMask = 2147483647;
			files = (
				A930790B2E34410B0006A0D8 /* UniTXT.swift in Sources */,
			);
			runOnlyForDeploymentPostprocessing = 0;
		};
		A93078DA2E343A650006A0D8 /* Sources */ = {
			isa = PBXSourcesBuildPhase;
			buildActionMask = 2147483647;
			files = (
			);
			runOnlyForDeploymentPostprocessing = 0;
		};
		A93078E42E343A650006A0D8 /* Sources */ = {
			isa = PBXSourcesBuildPhase;
			buildActionMask = 2147483647;
			files = (
			);
			runOnlyForDeploymentPostprocessing = 0;
		};
/* End PBXSourcesBuildPhase section */

/* Begin PBXTargetDependency section */
		A93078E02E343A650006A0D8 /* PBXTargetDependency */ = {
			isa = PBXTargetDependency;
			target = A93078CF2E343A630006A0D8 /* unitxt */;
			targetProxy = A93078DF2E343A650006A0D8 /* PBXContainerItemProxy */;
		};
		A93078EA2E343A650006A0D8 /* PBXTargetDependency */ = {
			isa = PBXTargetDependency;
			target = A93078CF2E343A630006A0D8 /* unitxt */;
			targetProxy = A93078E92E343A650006A0D8 /* PBXContainerItemProxy */;
		};
/* End PBXTargetDependency section */

/* Begin XCBuildConfiguration section */
		A93078F02E343A650006A0D8 /* Debug */ = {
			isa = XCBuildConfiguration;
			buildSettings = {
				ALWAYS_SEARCH_USER_PATHS = NO;
				ASSETCATALOG_COMPILER_GENERATE_SWIFT_ASSET_SYMBOL_EXTENSIONS = YES;
				CLANG_ANALYZER_NONNULL = YES;
				CLANG_ANALYZER_NUMBER_OBJECT_CONVERSION = YES_AGGRESSIVE;
				CLANG_CXX_LANGUAGE_STANDARD = "gnu++20";
				CLANG_ENABLE_MODULES = YES;
				CLANG_ENABLE_OBJC_ARC = YES;
				CLANG_ENABLE_OBJC_WEAK = YES;
				CLANG_WARN_BLOCK_CAPTURE_AUTORELEASING = YES;
				CLANG_WARN_BOOL_CONVERSION = YES;
				CLANG_WARN_COMMA = YES;
				CLANG_WARN_CONSTANT_CONVERSION = YES;
				CLANG_WARN_DEPRECATED_OBJC_IMPLEMENTATIONS = YES;
				CLANG_WARN_DIRECT_OBJC_ISA_USAGE = YES_ERROR;
				CLANG_WARN_DOCUMENTATION_COMMENTS = YES;
				CLANG_WARN_EMPTY_BODY = YES;
				CLANG_WARN_ENUM_CONVERSION = YES;
				CLANG_WARN_INFINITE_RECURSION = YES;
				CLANG_WARN_INT_CONVERSION = YES;
				CLANG_WARN_NON_LITERAL_NULL_CONVERSION = YES;
				CLANG_WARN_OBJC_IMPLICIT_RETAIN_SELF = YES;
				CLANG_WARN_OBJC_LITERAL_CONVERSION = YES;
				CLANG_WARN_OBJC_ROOT_CLASS = YES_ERROR;
				CLANG_WARN_QUOTED_INCLUDE_IN_FRAMEWORK_HEADER = YES;
				CLANG_WARN_RANGE_LOOP_ANALYSIS = YES;
				CLANG_WARN_STRICT_PROTOTYPES = YES;
				CLANG_WARN_SUSPICIOUS_MOVE = YES;
				CLANG_WARN_UNGUARDED_AVAILABILITY = YES_AGGRESSIVE;
				CLANG_WARN_UNREACHABLE_CODE = YES;
				CLANG_WARN__DUPLICATE_METHOD_MATCH = YES;
				COPY_PHASE_STRIP = NO;
				DEBUG_INFORMATION_FORMAT = dwarf;
				ENABLE_STRICT_OBJC_MSGSEND = YES;
				ENABLE_TESTABILITY = YES;
				ENABLE_USER_SCRIPT_SANDBOXING = YES;
				GCC_C_LANGUAGE_STANDARD = gnu17;
				GCC_DYNAMIC_NO_PIC = NO;
				GCC_NO_COMMON_BLOCKS = YES;
				GCC_OPTIMIZATION_LEVEL = 0;
				GCC_PREPROCESSOR_DEFINITIONS = (
					"DEBUG=1",
					"$(inherited)",
				);
				GCC_WARN_64_TO_32_BIT_CONVERSION = YES;
				GCC_WARN_ABOUT_RETURN_TYPE = YES_ERROR;
				GCC_WARN_UNDECLARED_SELECTOR = YES;
				GCC_WARN_UNINITIALIZED_AUTOS = YES_AGGRESSIVE;
				GCC_WARN_UNUSED_FUNCTION = YES;
				GCC_WARN_UNUSED_VARIABLE = YES;
				LOCALIZATION_PREFERS_STRING_CATALOGS = YES;
				MACOSX_DEPLOYMENT_TARGET = 15.5;
				MTL_ENABLE_DEBUG_INFO = INCLUDE_SOURCE;
				MTL_FAST_MATH = YES;
				ONLY_ACTIVE_ARCH = YES;
				SDKROOT = macosx;
				SWIFT_ACTIVE_COMPILATION_CONDITIONS = "DEBUG $(inherited)";
				SWIFT_OPTIMIZATION_LEVEL = "-Onone";
			};
			name = Debug;
		};
		A93078F12E343A650006A0D8 /* Release */ = {
			isa = XCBuildConfiguration;
			buildSettings = {
				ALWAYS_SEARCH_USER_PATHS = NO;
				ASSETCATALOG_COMPILER_GENERATE_SWIFT_ASSET_SYMBOL_EXTENSIONS = YES;
				CLANG_ANALYZER_NONNULL = YES;
				CLANG_ANALYZER_NUMBER_OBJECT_CONVERSION = YES_AGGRESSIVE;
				CLANG_CXX_LANGUAGE_STANDARD = "gnu++20";
				CLANG_ENABLE_MODULES = YES;
				CLANG_ENABLE_OBJC_ARC = YES;
				CLANG_ENABLE_OBJC_WEAK = YES;
				CLANG_WARN_BLOCK_CAPTURE_AUTORELEASING = YES;
				CLANG_WARN_BOOL_CONVERSION = YES;
				CLANG_WARN_COMMA = YES;
				CLANG_WARN_CONSTANT_CONVERSION = YES;
				CLANG_WARN_DEPRECATED_OBJC_IMPLEMENTATIONS = YES;
				CLANG_WARN_DIRECT_OBJC_ISA_USAGE = YES_ERROR;
				CLANG_WARN_DOCUMENTATION_COMMENTS = YES;
				CLANG_WARN_EMPTY_BODY = YES;
				CLANG_WARN_ENUM_CONVERSION = YES;
				CLANG_WARN_INFINITE_RECURSION = YES;
				CLANG_WARN_INT_CONVERSION = YES;
				CLANG_WARN_NON_LITERAL_NULL_CONVERSION = YES;
				CLANG_WARN_OBJC_IMPLICIT_RETAIN_SELF = YES;
				CLANG_WARN_OBJC_LITERAL_CONVERSION = YES;
				CLANG_WARN_OBJC_ROOT_CLASS = YES_ERROR;
				CLANG_WARN_QUOTED_INCLUDE_IN_FRAMEWORK_HEADER = YES;
				CLANG_WARN_RANGE_LOOP_ANALYSIS = YES;
				CLANG_WARN_STRICT_PROTOTYPES = YES;
				CLANG_WARN_SUSPICIOUS_MOVE = YES;
				CLANG_WARN_UNGUARDED_AVAILABILITY = YES_AGGRESSIVE;
				CLANG_WARN_UNREACHABLE_CODE = YES;
				CLANG_WARN__DUPLICATE_METHOD_MATCH = YES;
				COPY_PHASE_STRIP = NO;
				DEBUG_INFORMATION_FORMAT = "dwarf-with-dsym";
				ENABLE_NS_ASSERTIONS = NO;
				ENABLE_STRICT_OBJC_MSGSEND = YES;
				ENABLE_USER_SCRIPT_SANDBOXING = YES;
				GCC_C_LANGUAGE_STANDARD = gnu17;
				GCC_NO_COMMON_BLOCKS = YES;
				GCC_WARN_64_TO_32_BIT_CONVERSION = YES;
				GCC_WARN_ABOUT_RETURN_TYPE = YES_ERROR;
				GCC_WARN_UNDECLARED_SELECTOR = YES;
				GCC_WARN_UNINITIALIZED_AUTOS = YES_AGGRESSIVE;
				GCC_WARN_UNUSED_FUNCTION = YES;
				GCC_WARN_UNUSED_VARIABLE = YES;
				LOCALIZATION_PREFERS_STRING_CATALOGS = YES;
				MACOSX_DEPLOYMENT_TARGET = 15.5;
				MTL_ENABLE_DEBUG_INFO = NO;
				MTL_FAST_MATH = YES;
				SDKROOT = macosx;
				SWIFT_COMPILATION_MODE = wholemodule;
			};
			name = Release;
		};
		A93078F32E343A650006A0D8 /* Debug */ = {
			isa = XCBuildConfiguration;
			buildSettings = {
				ASSETCATALOG_COMPILER_APPICON_NAME = AppIcon;
				ASSETCATALOG_COMPILER_GLOBAL_ACCENT_COLOR_NAME = AccentColor;
				ASSETCATALOG_COMPILER_INCLUDE_ALL_APPICON_ASSETS = YES;
				CODE_SIGN_ENTITLEMENTS = unitxt.entitlements;
				"CODE_SIGN_IDENTITY[sdk=macosx*]" = "-";
				CODE_SIGN_STYLE = Automatic;
				COMBINE_HIDPI_IMAGES = YES;
				CURRENT_PROJECT_VERSION = 1;
				DEVELOPMENT_TEAM = FGP3WN5H3K;
				ENABLE_PREVIEWS = YES;
				GENERATE_INFOPLIST_FILE = YES;
				INFOPLIST_KEY_CFBundleDisplayName = "𝐔𝐍𝐈𝐓𝐗𝐓";
				INFOPLIST_KEY_NSHumanReadableCopyright = "";
				LD_RUNPATH_SEARCH_PATHS = (
					"$(inherited)",
					"@executable_path/../Frameworks",
				);
				MARKETING_VERSION = 0.1;
				PRODUCT_BUNDLE_IDENTIFIER = BFGriffith.info.unitxt;
				PRODUCT_NAME = "$(TARGET_NAME)";
				REGISTER_APP_GROUPS = YES;
				SUPPORTED_PLATFORMS = "appletvos appletvsimulator iphoneos iphonesimulator macosx xros xrsimulator";
				SUPPORTS_MACCATALYST = NO;
				SWIFT_EMIT_LOC_STRINGS = YES;
				SWIFT_VERSION = 5.0;
				TARGETED_DEVICE_FAMILY = "1,2,3,7";
			};
			name = Debug;
		};
		A93078F42E343A650006A0D8 /* Release */ = {
			isa = XCBuildConfiguration;
			buildSettings = {
				ASSETCATALOG_COMPILER_APPICON_NAME = AppIcon;
				ASSETCATALOG_COMPILER_GLOBAL_ACCENT_COLOR_NAME = AccentColor;
				ASSETCATALOG_COMPILER_INCLUDE_ALL_APPICON_ASSETS = YES;
				CODE_SIGN_ENTITLEMENTS = unitxt.entitlements;
				"CODE_SIGN_IDENTITY[sdk=macosx*]" = "-";
				CODE_SIGN_STYLE = Automatic;
				COMBINE_HIDPI_IMAGES = YES;
				CURRENT_PROJECT_VERSION = 1;
				DEVELOPMENT_TEAM = FGP3WN5H3K;
				ENABLE_PREVIEWS = YES;
				GENERATE_INFOPLIST_FILE = YES;
				INFOPLIST_KEY_CFBundleDisplayName = "𝐔𝐍𝐈𝐓𝐗𝐓";
				INFOPLIST_KEY_NSHumanReadableCopyright = "";
				LD_RUNPATH_SEARCH_PATHS = (
					"$(inherited)",
					"@executable_path/../Frameworks",
				);
				MARKETING_VERSION = 0.1;
				PRODUCT_BUNDLE_IDENTIFIER = BFGriffith.info.unitxt;
				PRODUCT_NAME = "$(TARGET_NAME)";
				REGISTER_APP_GROUPS = YES;
				SUPPORTED_PLATFORMS = "appletvos appletvsimulator iphoneos iphonesimulator macosx xros xrsimulator";
				SUPPORTS_MACCATALYST = NO;
				SWIFT_EMIT_LOC_STRINGS = YES;
				SWIFT_VERSION = 5.0;
				TARGETED_DEVICE_FAMILY = "1,2,3,7";
			};
			name = Release;
		};
		A93078F62E343A650006A0D8 /* Debug */ = {
			isa = XCBuildConfiguration;
			buildSettings = {
				BUNDLE_LOADER = "$(TEST_HOST)";
				CODE_SIGN_STYLE = Automatic;
				CURRENT_PROJECT_VERSION = 1;
				GENERATE_INFOPLIST_FILE = YES;
				MACOSX_DEPLOYMENT_TARGET = 15.5;
				MARKETING_VERSION = 1.0;
				PRODUCT_BUNDLE_IDENTIFIER = BFGriffith.info.unitxtTests;
				PRODUCT_NAME = "$(TARGET_NAME)";
				SWIFT_EMIT_LOC_STRINGS = NO;
				SWIFT_VERSION = 5.0;
				TEST_HOST = "$(BUILT_PRODUCTS_DIR)/unitxt.app/$(BUNDLE_EXECUTABLE_FOLDER_PATH)/unitxt";
			};
			name = Debug;
		};
		A93078F72E343A650006A0D8 /* Release */ = {
			isa = XCBuildConfiguration;
			buildSettings = {
				BUNDLE_LOADER = "$(TEST_HOST)";
				CODE_SIGN_STYLE = Automatic;
				CURRENT_PROJECT_VERSION = 1;
				GENERATE_INFOPLIST_FILE = YES;
				MACOSX_DEPLOYMENT_TARGET = 15.5;
				MARKETING_VERSION = 1.0;
				PRODUCT_BUNDLE_IDENTIFIER = BFGriffith.info.unitxtTests;
				PRODUCT_NAME = "$(TARGET_NAME)";
				SWIFT_EMIT_LOC_STRINGS = NO;
				SWIFT_VERSION = 5.0;
				TEST_HOST = "$(BUILT_PRODUCTS_DIR)/unitxt.app/$(BUNDLE_EXECUTABLE_FOLDER_PATH)/unitxt";
			};
			name = Release;
		};
		A93078F92E343A650006A0D8 /* Debug */ = {
			isa = XCBuildConfiguration;
			buildSettings = {
				CODE_SIGN_STYLE = Automatic;
				CURRENT_PROJECT_VERSION = 1;
				GENERATE_INFOPLIST_FILE = YES;
				MARKETING_VERSION = 1.0;
				PRODUCT_BUNDLE_IDENTIFIER = BFGriffith.info.unitxtUITests;
				PRODUCT_NAME = "$(TARGET_NAME)";
				SWIFT_EMIT_LOC_STRINGS = NO;
				SWIFT_VERSION = 5.0;
				TEST_TARGET_NAME = unitext;
			};
			name = Debug;
		};
		A93078FA2E343A650006A0D8 /* Release */ = {
			isa = XCBuildConfiguration;
			buildSettings = {
				CODE_SIGN_STYLE = Automatic;
				CURRENT_PROJECT_VERSION = 1;
				GENERATE_INFOPLIST_FILE = YES;
				MARKETING_VERSION = 1.0;
				PRODUCT_BUNDLE_IDENTIFIER = BFGriffith.info.unitxtUITests;
				PRODUCT_NAME = "$(TARGET_NAME)";
				SWIFT_EMIT_LOC_STRINGS = NO;
				SWIFT_VERSION = 5.0;
				TEST_TARGET_NAME = unitext;
			};
			name = Release;
		};
/* End XCBuildConfiguration section */

/* Begin XCConfigurationList section */
		A93078CB2E343A630006A0D8 /* Build configuration list for PBXProject "unitxt" */ = {
			isa = XCConfigurationList;
			buildConfigurations = (
				A93078F02E343A650006A0D8 /* Debug */,
				A93078F12E343A650006A0D8 /* Release */,
			);
			defaultConfigurationIsVisible = 0;
			defaultConfigurationName = Release;
		};
		A93078F22E343A650006A0D8 /* Build configuration list for PBXNativeTarget "unitxt" */ = {
			isa = XCConfigurationList;
			buildConfigurations = (
				A93078F32E343A650006A0D8 /* Debug */,
				A93078F42E343A650006A0D8 /* Release */,
			);
			defaultConfigurationIsVisible = 0;
			defaultConfigurationName = Release;
		};
		A93078F52E343A650006A0D8 /* Build configuration list for PBXNativeTarget "unitxtTests" */ = {
			isa = XCConfigurationList;
			buildConfigurations = (
				A93078F62E343A650006A0D8 /* Debug */,
				A93078F72E343A650006A0D8 /* Release */,
			);
			defaultConfigurationIsVisible = 0;
			defaultConfigurationName = Release;
		};
		A93078F82E343A650006A0D8 /* Build configuration list for PBXNativeTarget "unitxtUITests" */ = {
			isa = XCConfigurationList;
			buildConfigurations = (
				A93078F92E343A650006A0D8 /* Debug */,
				A93078FA2E343A650006A0D8 /* Release */,
			);
			defaultConfigurationIsVisible = 0;
			defaultConfigurationName = Release;
		};
/* End XCConfigurationList section */
	};
	rootObject = A93078C82E343A630006A0D8 /* Project object */;
}
